Microsoft Visual Studio Solution File, Format Version 12.00
# Visual Studio 16
VisualStudioVersion = 14.0.25420.1
MinimumVisualStudioVersion = 10.0.40219.1
Project("{F184B08F-C81C-45F6-A57F-5ABD9991F28F}") = "SingleQueryWizard", "SingleQueryWizard\SingleQueryWizard.Net5.vbproj", "{6A913EF6-BF85-42FD-8172-ABF42160346F}"
EndProject
Global
	GlobalSection(SolutionConfigurationPlatforms) = preSolution
		Debug|Any CPU = Debug|Any CPU
		Release|Any CPU = Release|Any CPU
	EndGlobalSection
	GlobalSection(ProjectConfigurationPlatforms) = postSolution
		{6A913EF6-BF85-42FD-8172-ABF42160346F}.Debug|Any CPU.ActiveCfg = Debug|Any CPU
		{6A913EF6-BF85-42FD-8172-ABF42160346F}.Debug|Any CPU.Build.0 = Debug|Any CPU
		{6A913EF6-BF85-42FD-8172-ABF42160346F}.Release|Any CPU.ActiveCfg = Release|Any CPU
		{6A913EF6-BF85-42FD-8172-ABF42160346F}.Release|Any CPU.Build.0 = Release|Any CPU
	EndGlobalSection
	GlobalSection(SolutionProperties) = preSolution
		HideSolutionNode = FALSE
	EndGlobalSection
EndGlobal
